
Microsoft Visual Studio Solution File, Format Version 12.00
# Visual Studio Version 17
VisualStudioVersion = 17.7.34202.233
MinimumVisualStudioVersion = 10.0.40219.1
Project("{FAE04EC0-301F-11D3-BF4B-00C04F79EFBC}") = "Aula2", "Aula2\Aula2.csproj", "{66DFBD65-0092-4032-B227-F813A932BD08}"
EndProject
Global
	GlobalSection(SolutionConfigurationPlatforms) = preSolution
		Debug|Any CPU = Debug|Any CPU
		Release|Any CPU = Release|Any CPU
	EndGlobalSection
	GlobalSection(ProjectConfigurationPlatforms) = postSolution
		{66DFBD65-0092-4032-B227-F813A932BD08}.Debug|Any CPU.ActiveCfg = Debug|Any CPU
		{66DFBD65-0092-4032-B227-F813A932BD08}.Debug|Any CPU.Build.0 = Debug|Any CPU
		{66DFBD65-0092-4032-B227-F813A932BD08}.Release|Any CPU.ActiveCfg = Release|Any CPU
		{66DFBD65-0092-4032-B227-F813A932BD08}.Release|Any CPU.Build.0 = Release|Any CPU
	EndGlobalSection
	GlobalSection(SolutionProperties) = preSolution
		HideSolutionNode = FALSE
	EndGlobalSection
	GlobalSection(ExtensibilityGlobals) = postSolution
		SolutionGuid = {2815D574-8A6D-471A-B770-088D456FA1A9}
	EndGlobalSection
EndGlobal
